github.com/HugoBlox/hugo-blox-builder/modules/blox-core v0.4.1 h1:LAIEtt5FVZVJoKVmZ+rB/M5exoek52ksCEK12HWssIo=
github.com/HugoBlox/hugo-blox-builder/modules/blox-core v0.4.1/go.mod h1:So8+V2U+TNxlXmcpZfdDX0muLh3PdJ7z92h30sv3bZg=
github.com/HugoBlox/hugo-blox-builder/modules/blox-plugin-netlify v1.2.0 h1:I0urN3LANA8Cv+y5Nk05D44x4d1mj00NrPSmoFKtiKg=
github.com/HugoBlox/hugo-blox-builder/modules/blox-plugin-netlify v1.2.0/go.mod h1:C7jfxMLv1bEUqbM9XDSmEpfOpS8w06OgqNDEcbuRgL4=
github.com/HugoBlox/kit/modules/blox v0.12.0 h1:IFw9heH1MBgs2kCdproVZeUu2z2x+cjy9vCAegyldjc=
github.com/HugoBlox/kit/modules/blox v0.12.0/go.mod h1:0F2Ss2NeylmaBP7+qx0U6zFPeMZ9NoLbAQakKXDqygo=
github.com/HugoBlox/kit/modules/integrations/netlify v1.2.1 h1:0UKGUqNZWQkTPXHWV349tfsdzdGyIWtS33AzWQnBIvQ=
github.com/HugoBlox/kit/modules/integrations/netlify v1.2.1/go.mod h1:C/3FXjO4EcecqPvgQSpY5CJjCS1p9Gsl7ufPV5AIFvE=
